
Microsoft Visual Studio Solution File, Format Version 12.00
# Visual Studio 2012
Project("{FAE04EC0-301F-11D3-BF4B-00C04F79EFBC}") = "ConsoleApplicationConfiguration", "ConsoleApplicationConfiguration\ConsoleApplicationConfiguration.csproj", "{2584F51C-D686-4238-B3E6-E06B5E047A2D}"
EndProject
Global
	GlobalSection(SolutionConfigurationPlatforms) = preSolution
		Debug|Any CPU = Debug|Any CPU
		Release|Any CPU = Release|Any CPU
	EndGlobalSection
	GlobalSection(ProjectConfigurationPlatforms) = postSolution
		{2584F51C-D686-4238-B3E6-E06B5E047A2D}.Debug|Any CPU.ActiveCfg = Debug|Any CPU
		{2584F51C-D686-4238-B3E6-E06B5E047A2D}.Debug|Any CPU.Build.0 = Debug|Any CPU
		{2584F51C-D686-4238-B3E6-E06B5E047A2D}.Release|Any CPU.ActiveCfg = Release|Any CPU
		{2584F51C-D686-4238-B3E6-E06B5E047A2D}.Release|Any CPU.Build.0 = Release|Any CPU
	EndGlobalSection
	GlobalSection(SolutionProperties) = preSolution
		HideSolutionNode = FALSE
	EndGlobalSection
EndGlobal
